
Microsoft Visual Studio Solution File, Format Version 12.00
# Visual Studio Version 17
VisualStudioVersion = 17.11.35208.52
MinimumVisualStudioVersion = 10.0.40219.1
Project("{FAE04EC0-301F-11D3-BF4B-00C04F79EFBC}") = "UpdatedProject", "UpdatedProject.csproj", "{666DDF45-A481-4DF9-B093-B7D01399302A}"
EndProject
Global
	GlobalSection(SolutionConfigurationPlatforms) = preSolution
		Debug|Any CPU = Debug|Any CPU
		Release|Any CPU = Release|Any CPU
	EndGlobalSection
	GlobalSection(ProjectConfigurationPlatforms) = postSolution
		{666DDF45-A481-4DF9-B093-B7D01399302A}.Debug|Any CPU.ActiveCfg = Debug|Any CPU
		{666DDF45-A481-4DF9-B093-B7D01399302A}.Debug|Any CPU.Build.0 = Debug|Any CPU
		{666DDF45-A481-4DF9-B093-B7D01399302A}.Release|Any CPU.ActiveCfg = Release|Any CPU
		{666DDF45-A481-4DF9-B093-B7D01399302A}.Release|Any CPU.Build.0 = Release|Any CPU
	EndGlobalSection
	GlobalSection(SolutionProperties) = preSolution
		HideSolutionNode = FALSE
	EndGlobalSection
	GlobalSection(ExtensibilityGlobals) = postSolution
		SolutionGuid = {70927495-BF14-433D-89E9-66EA86A3DE7A}
	EndGlobalSection
EndGlobal
